<?xml version="1.0" encoding="utf-8"?>
<Project ToolsVersion="4.0" xmlns="http://schemas.microsoft.com/developer/msbuild/2003">
  <ItemGroup>
    <Filter Include="Source Files">
      <UniqueIdentifier>{4FC737F1-C7A5-4376-A066-2A32D752A2FF}</UniqueIdentifier>
      <Extensions>cpp;c;cc;cxx;def;odl;idl;hpj;bat;asm;asmx</Extensions>
    </Filter>
    <Filter Include="Header Files">
      <UniqueIdentifier>{93995380-89BD-4b04-88EB-625FBE52EBFB}</UniqueIdentifier>
      <Extensions>h;hh;hpp;hxx;hm;inl;inc;ipp;xsd</Extensions>
    </Filter>
    <Filter Include="Resource Files">
      <UniqueIdentifier>{67DA6AB6-F800-4c08-8B7A-83BB121AAD01}</UniqueIdentifier>
      <Extensions>rc;ico;cur;bmp;dlg;rc2;rct;bin;rgs;gif;jpg;jpeg;jpe;resx;tiff;tif;png;wav;mfcribbon-ms</Extensions>
    </Filter>
    <Filter Include="Header Files\TrafficLight">
      <UniqueIdentifier>{43ce5ae7-3734-42a8-8da0-a51252fe1693}</UniqueIdentifier>
    </Filter>
    <Filter Include="Header Files\Setup">
      <UniqueIdentifier>{ab59cf90-c598-45ea-b77d-912512e58e6e}</UniqueIdentifier>
    </Filter>
    <Filter Include="Header Files\Mapping">
      <UniqueIdentifier>{f416a305-719e-4328-9e2d-b5629dd57a01}</UniqueIdentifier>
    </Filter>
  </ItemGroup>
  <ItemGroup>
    <ClCompile Include="main.cpp">
      <Filter>Source Files</Filter>
    </ClCompile>
  </ItemGroup>
  <ItemGroup>
    <ClInclude Include="Includes.h">
      <Filter>Header Files</Filter>
    </ClInclude>
    <ClInclude Include="Window.h">
      <Filter>Header Files</Filter>
    </ClInclude>
    <ClInclude Include="Button.h">
      <Filter>Header Files\TrafficLight</Filter>
    </ClInclude>
    <ClInclude Include="Light.h">
      <Filter>Header Files\TrafficLight</Filter>
    </ClInclude>
    <ClInclude Include="LightBody.h">
      <Filter>Header Files\TrafficLight</Filter>
    </ClInclude>
    <ClInclude Include="LightBox.h">
      <Filter>Header Files\TrafficLight</Filter>
    </ClInclude>
    <ClInclude Include="TrafficLight.h">
      <Filter>Header Files\TrafficLight</Filter>
    </ClInclude>
    <ClInclude Include="VehicleLight.h">
      <Filter>Header Files\TrafficLight</Filter>
    </ClInclude>
    <ClInclude Include="Application.h">
      <Filter>Header Files</Filter>
    </ClInclude>
    <ClInclude Include="Setup.ipp">
      <Filter>Header Files\Setup</Filter>
    </ClInclude>
    <ClInclude Include="RoadLights.h">
      <Filter>Header Files\Mapping</Filter>
    </ClInclude>
    <ClInclude Include="RoadsDB.h">
      <Filter>Header Files\Mapping</Filter>
    </ClInclude>
  </ItemGroup>
  <ItemGroup>
    <None Include="ClassDiagram.cd" />
  </ItemGroup>
</Project>